// !$*UTF8*$!
{
	archiveVersion = 1;
	classes = {
	};
	objectVersion = 46;
	objects = {

/* Begin PBXFileReference section */
		E706D1891C84734200A64C7D /* AppComponentsApp.bundle */ = {isa = PBXFileReference; lastKnownFileType = "wrapper.plug-in"; path = AppComponentsApp.bundle; sourceTree = "<group>"; };
		E71B7CEF1C5032A4001910C2 /* ACHTTPSessionManager.h */ = {isa = PBXFileReference; lastKnownFileType = sourcecode.c.h; path = ACHTTPSessionManager.h; sourceTree = "<group>"; };
		E71B7CF01C5032A4001910C2 /* ACHTTPSessionManager.m */ = {isa = PBXFileReference; lastKnownFileType = sourcecode.c.objc; path = ACHTTPSessionManager.m; sourceTree = "<group>"; };
		E71B7CF41C509D21001910C2 /* ACApiClient.h */ = {isa = PBXFileReference; lastKnownFileType = sourcecode.c.h; path = ACApiClient.h; sourceTree = "<group>"; };
		E71B7CF51C509D21001910C2 /* ACApiClient.m */ = {isa = PBXFileReference; lastKnownFileType = sourcecode.c.objc; path = ACApiClient.m; sourceTree = "<group>"; };
		E71B7CF71C50A352001910C2 /* AppComponentsApp.h */ = {isa = PBXFileReference; lastKnownFileType = sourcecode.c.h; path = AppComponentsApp.h; sourceTree = "<group>"; };
		E71B7CF91C50A928001910C2 /* AppComponentsDefines.h */ = {isa = PBXFileReference; lastKnownFileType = sourcecode.c.h; path = AppComponentsDefines.h; sourceTree = "<group>"; };
		E71B7CFA1C51314A001910C2 /* ESApp+ACAlertAdditions.h */ = {isa = PBXFileReference; lastKnownFileType = sourcecode.c.h; path = "ESApp+ACAlertAdditions.h"; sourceTree = "<group>"; };
		E71B7CFB1C51314A001910C2 /* ESApp+ACAlertAdditions.m */ = {isa = PBXFileReference; lastKnownFileType = sourcecode.c.objc; path = "ESApp+ACAlertAdditions.m"; sourceTree = "<group>"; };
		E71B7D021C51560B001910C2 /* ACSettings.h */ = {isa = PBXFileReference; lastKnownFileType = sourcecode.c.h; path = ACSettings.h; sourceTree = "<group>"; };
		E71B7D031C51560B001910C2 /* ACSettings.m */ = {isa = PBXFileReference; lastKnownFileType = sourcecode.c.objc; path = ACSettings.m; sourceTree = "<group>"; };
		E71B7D041C515DB1001910C2 /* ESApp+ACSettings.h */ = {isa = PBXFileReference; lastKnownFileType = sourcecode.c.h; path = "ESApp+ACSettings.h"; sourceTree = "<group>"; };
		E71B7D051C515DB1001910C2 /* ESApp+ACSettings.m */ = {isa = PBXFileReference; lastKnownFileType = sourcecode.c.objc; path = "ESApp+ACSettings.m"; sourceTree = "<group>"; };
		E71B7D0A1C51748A001910C2 /* ESApp+ACHelper.h */ = {isa = PBXFileReference; lastKnownFileType = sourcecode.c.h; path = "ESApp+ACHelper.h"; sourceTree = "<group>"; };
		E71B7D0B1C51748A001910C2 /* ESApp+ACHelper.m */ = {isa = PBXFileReference; lastKnownFileType = sourcecode.c.objc; path = "ESApp+ACHelper.m"; sourceTree = "<group>"; };
		E72B980A1C5F349C00968230 /* WebViewJavascriptBridge+ACMessageHandler.h */ = {isa = PBXFileReference; lastKnownFileType = sourcecode.c.h; path = "WebViewJavascriptBridge+ACMessageHandler.h"; sourceTree = "<group>"; };
		E72B980B1C5F349C00968230 /* WebViewJavascriptBridge+ACMessageHandler.m */ = {isa = PBXFileReference; lastKnownFileType = sourcecode.c.objc; path = "WebViewJavascriptBridge+ACMessageHandler.m"; sourceTree = "<group>"; };
		E72B980E1C5F5C4600968230 /* ACBorderLabel.h */ = {isa = PBXFileReference; lastKnownFileType = sourcecode.c.h; path = ACBorderLabel.h; sourceTree = "<group>"; };
		E72B980F1C5F5C4600968230 /* ACBorderLabel.m */ = {isa = PBXFileReference; lastKnownFileType = sourcecode.c.objc; path = ACBorderLabel.m; sourceTree = "<group>"; };
		E72B98101C5F5C9100968230 /* ACFeedbackViewController.h */ = {isa = PBXFileReference; lastKnownFileType = sourcecode.c.h; path = ACFeedbackViewController.h; sourceTree = "<group>"; };
		E72B98111C5F5C9100968230 /* ACFeedbackViewController.m */ = {isa = PBXFileReference; lastKnownFileType = sourcecode.c.objc; path = ACFeedbackViewController.m; sourceTree = "<group>"; };
		E7777D8A1C5567B1005E41C7 /* ACRemoteNotificationServiceRegister.h */ = {isa = PBXFileReference; lastKnownFileType = sourcecode.c.h; path = ACRemoteNotificationServiceRegister.h; sourceTree = "<group>"; };
		E7777D8B1C5567B1005E41C7 /* ACRemoteNotificationServiceRegister.m */ = {isa = PBXFileReference; lastKnownFileType = sourcecode.c.objc; path = ACRemoteNotificationServiceRegister.m; sourceTree = "<group>"; };
		E7777D8C1C556AC3005E41C7 /* ACRemoteNotificationXGPushService.h */ = {isa = PBXFileReference; lastKnownFileType = sourcecode.c.h; path = ACRemoteNotificationXGPushService.h; sourceTree = "<group>"; };
		E7777D8D1C556AC3005E41C7 /* ACRemoteNotificationXGPushService.m */ = {isa = PBXFileReference; lastKnownFileType = sourcecode.c.objc; path = ACRemoteNotificationXGPushService.m; sourceTree = "<group>"; };
		E7777D8F1C55C5AD005E41C7 /* ESApp+ACImageViewController.h */ = {isa = PBXFileReference; lastKnownFileType = sourcecode.c.h; path = "ESApp+ACImageViewController.h"; sourceTree = "<group>"; };
		E7777D901C55C5AD005E41C7 /* ESApp+ACImageViewController.m */ = {isa = PBXFileReference; lastKnownFileType = sourcecode.c.objc; path = "ESApp+ACImageViewController.m"; sourceTree = "<group>"; };
		E7777D911C55E912005E41C7 /* JTSImageInfo+ACAdditions.h */ = {isa = PBXFileReference; lastKnownFileType = sourcecode.c.h; path = "JTSImageInfo+ACAdditions.h"; sourceTree = "<group>"; };
		E7777D921C55E912005E41C7 /* JTSImageInfo+ACAdditions.m */ = {isa = PBXFileReference; lastKnownFileType = sourcecode.c.objc; path = "JTSImageInfo+ACAdditions.m"; sourceTree = "<group>"; };
		E78834C11C51A0F700F67C63 /* ACAuthVerifyPhoneViewController.h */ = {isa = PBXFileReference; lastKnownFileType = sourcecode.c.h; path = ACAuthVerifyPhoneViewController.h; sourceTree = "<group>"; };
		E78834C21C51A0F700F67C63 /* ACAuthVerifyPhoneViewController.m */ = {isa = PBXFileReference; lastKnownFileType = sourcecode.c.objc; path = ACAuthVerifyPhoneViewController.m; sourceTree = "<group>"; };
		E78834C51C51A0F700F67C63 /* AppComponentsAuth.h */ = {isa = PBXFileReference; lastKnownFileType = sourcecode.c.h; path = AppComponentsAuth.h; sourceTree = "<group>"; };
		E78834C91C51AC6000F67C63 /* ACAuthBaseViewController.h */ = {isa = PBXFileReference; lastKnownFileType = sourcecode.c.h; path = ACAuthBaseViewController.h; sourceTree = "<group>"; };
		E78834CA1C51AC6000F67C63 /* ACAuthBaseViewController.m */ = {isa = PBXFileReference; lastKnownFileType = sourcecode.c.objc; path = ACAuthBaseViewController.m; sourceTree = "<group>"; };
		E78834CB1C51B26900F67C63 /* ACAuthVerifyPhoneViewController+Private.h */ = {isa = PBXFileReference; lastKnownFileType = sourcecode.c.h; path = "ACAuthVerifyPhoneViewController+Private.h"; sourceTree = "<group>"; };
		E78834CC1C51B26900F67C63 /* ACAuthVerifyPhoneViewController+Private.m */ = {isa = PBXFileReference; lastKnownFileType = sourcecode.c.objc; path = "ACAuthVerifyPhoneViewController+Private.m"; sourceTree = "<group>"; };
		E78834CE1C51B29900F67C63 /* ACAuthVerifyPhoneViewController+Action.m */ = {isa = PBXFileReference; lastKnownFileType = sourcecode.c.objc; path = "ACAuthVerifyPhoneViewController+Action.m"; sourceTree = "<group>"; };
		E788357C1C51ED2C00F67C63 /* ACWebViewController+Subclassing.h */ = {isa = PBXFileReference; lastKnownFileType = sourcecode.c.h; path = "ACWebViewController+Subclassing.h"; sourceTree = "<group>"; };
		E788357D1C51ED2C00F67C63 /* ACWebViewController+Private.m */ = {isa = PBXFileReference; lastKnownFileType = sourcecode.c.objc; path = "ACWebViewController+Private.m"; sourceTree = "<group>"; };
		E788357E1C51ED2C00F67C63 /* ACWebViewController+Subclassing.m */ = {isa = PBXFileReference; lastKnownFileType = sourcecode.c.objc; path = "ACWebViewController+Subclassing.m"; sourceTree = "<group>"; };
		E788357F1C51ED2C00F67C63 /* ACWebViewController.h */ = {isa = PBXFileReference; lastKnownFileType = sourcecode.c.h; path = ACWebViewController.h; sourceTree = "<group>"; };
		E78835801C51ED2C00F67C63 /* ACWebViewController.m */ = {isa = PBXFileReference; lastKnownFileType = sourcecode.c.objc; path = ACWebViewController.m; sourceTree = "<group>"; };
		E78835821C51EE4F00F67C63 /* AppComponentsWebKit.h */ = {isa = PBXFileReference; lastKnownFileType = sourcecode.c.h; path = AppComponentsWebKit.h; sourceTree = "<group>"; };
		E78835911C536C1F00F67C63 /* ESApp+ACRemoteNotification.h */ = {isa = PBXFileReference; lastKnownFileType = sourcecode.c.h; path = "ESApp+ACRemoteNotification.h"; sourceTree = "<group>"; };
		E78835921C536C1F00F67C63 /* ESApp+ACRemoteNotification.m */ = {isa = PBXFileReference; lastKnownFileType = sourcecode.c.objc; path = "ESApp+ACRemoteNotification.m"; sourceTree = "<group>"; };
		E78835B51C53D61100F67C63 /* AppComponentsVendorServices.h */ = {isa = PBXFileReference; lastKnownFileType = sourcecode.c.h; path = AppComponentsVendorServices.h; sourceTree = "<group>"; };
		E78835B71C53D61100F67C63 /* ESApp+ACMobSMS.h */ = {isa = PBXFileReference; lastKnownFileType = sourcecode.c.h; path = "ESApp+ACMobSMS.h"; sourceTree = "<group>"; };
		E78835B81C53D61100F67C63 /* ESApp+ACMobSMS.m */ = {isa = PBXFileReference; lastKnownFileType = sourcecode.c.objc; path = "ESApp+ACMobSMS.m"; sourceTree = "<group>"; };
		E78835BA1C53D61100F67C63 /* ESApp+ACTalkingDataAnalytics.h */ = {isa = PBXFileReference; lastKnownFileType = sourcecode.c.h; path = "ESApp+ACTalkingDataAnalytics.h"; sourceTree = "<group>"; };
		E78835BB1C53D61100F67C63 /* ESApp+ACTalkingDataAnalytics.m */ = {isa = PBXFileReference; lastKnownFileType = sourcecode.c.objc; path = "ESApp+ACTalkingDataAnalytics.m"; sourceTree = "<group>"; };
		E78835BD1C53D61100F67C63 /* ESApp+ACUmengAnalytics.h */ = {isa = PBXFileReference; lastKnownFileType = sourcecode.c.h; path = "ESApp+ACUmengAnalytics.h"; sourceTree = "<group>"; };
		E78835BE1C53D61100F67C63 /* ESApp+ACUmengAnalytics.m */ = {isa = PBXFileReference; lastKnownFileType = sourcecode.c.objc; path = "ESApp+ACUmengAnalytics.m"; sourceTree = "<group>"; };
		E78835C21C53D61100F67C63 /* ESApp+ACXGPush.h */ = {isa = PBXFileReference; lastKnownFileType = sourcecode.c.h; path = "ESApp+ACXGPush.h"; sourceTree = "<group>"; };
		E78835C31C53D61100F67C63 /* ESApp+ACXGPush.m */ = {isa = PBXFileReference; lastKnownFileType = sourcecode.c.objc; path = "ESApp+ACXGPush.m"; sourceTree = "<group>"; };
		E78F77591C561F5C00B9A33C /* NSDate+ACAppAdditions.h */ = {isa = PBXFileReference; lastKnownFileType = sourcecode.c.h; path = "NSDate+ACAppAdditions.h"; sourceTree = "<group>"; };
		E78F775A1C561F5C00B9A33C /* NSDate+ACAppAdditions.m */ = {isa = PBXFileReference; lastKnownFileType = sourcecode.c.objc; path = "NSDate+ACAppAdditions.m"; sourceTree = "<group>"; };
		E78F78321C59B0ED00B9A33C /* AppComponentsUIKit.h */ = {isa = PBXFileReference; lastKnownFileType = sourcecode.c.h; path = AppComponentsUIKit.h; sourceTree = "<group>"; };
		E78F784F1C5B509800B9A33C /* ACTableViewCell.h */ = {isa = PBXFileReference; lastKnownFileType = sourcecode.c.h; path = ACTableViewCell.h; sourceTree = "<group>"; };
		E78F78501C5B509800B9A33C /* ACTableViewCell.m */ = {isa = PBXFileReference; lastKnownFileType = sourcecode.c.objc; path = ACTableViewCell.m; sourceTree = "<group>"; };
		E78F78511C5B84E600B9A33C /* ACTableViewController.h */ = {isa = PBXFileReference; lastKnownFileType = sourcecode.c.h; path = ACTableViewController.h; sourceTree = "<group>"; };
		E78F78521C5B84E600B9A33C /* ACTableViewController.m */ = {isa = PBXFileReference; lastKnownFileType = sourcecode.c.objc; path = ACTableViewController.m; sourceTree = "<group>"; };
		E78F78581C5B863A00B9A33C /* ACTableViewController+TableViewDataSource.m */ = {isa = PBXFileReference; lastKnownFileType = sourcecode.c.objc; path = "ACTableViewController+TableViewDataSource.m"; sourceTree = "<group>"; };
		E7A38B431C4DBF9F00972B01 /* AppComponentsCore.h */ = {isa = PBXFileReference; lastKnownFileType = sourcecode.c.h; path = AppComponentsCore.h; sourceTree = "<group>"; };
		E7A38B441C4DBFBD00972B01 /* AppComponents.h */ = {isa = PBXFileReference; lastKnownFileType = sourcecode.c.h; path = AppComponents.h; sourceTree = "<group>"; };
		E7C3FA921C4E39BC00281993 /* ACConfig.h */ = {isa = PBXFileReference; lastKnownFileType = sourcecode.c.h; path = ACConfig.h; sourceTree = "<group>"; };
		E7C3FA931C4E39BC00281993 /* ACConfig.m */ = {isa = PBXFileReference; lastKnownFileType = sourcecode.c.objc; path = ACConfig.m; sourceTree = "<group>"; };
		E7C3FA961C4EC29900281993 /* NSDictionary+ACCoreAdditions.h */ = {isa = PBXFileReference; lastKnownFileType = sourcecode.c.h; path = "NSDictionary+ACCoreAdditions.h"; sourceTree = "<group>"; };
		E7C3FA971C4EC29900281993 /* NSDictionary+ACCoreAdditions.m */ = {isa = PBXFileReference; lastKnownFileType = sourcecode.c.objc; path = "NSDictionary+ACCoreAdditions.m"; sourceTree = "<group>"; };
		E7C3FA991C4ED41400281993 /* ACEncryptor.h */ = {isa = PBXFileReference; lastKnownFileType = sourcecode.c.h; path = ACEncryptor.h; sourceTree = "<group>"; };
		E7C3FA9A1C4ED41400281993 /* ACEncryptor.m */ = {isa = PBXFileReference; lastKnownFileType = sourcecode.c.objc; path = ACEncryptor.m; sourceTree = "<group>"; };
		E7C3FA9B1C4ED6E800281993 /* AppComponentsEncryptor.h */ = {isa = PBXFileReference; lastKnownFileType = sourcecode.c.h; path = AppComponentsEncryptor.h; sourceTree = "<group>"; };
		E7C3FA9E1C4EEC9E00281993 /* ACUDID.h */ = {isa = PBXFileReference; lastKnownFileType = sourcecode.c.h; path = ACUDID.h; sourceTree = "<group>"; };
		E7C3FA9F1C4EEC9E00281993 /* ACUDID.m */ = {isa = PBXFileReference; lastKnownFileType = sourcecode.c.objc; path = ACUDID.m; sourceTree = "<group>"; };
		E7C3FAA51C4EF97500281993 /* AppComponentsAd.h */ = {isa = PBXFileReference; lastKnownFileType = sourcecode.c.h; path = AppComponentsAd.h; sourceTree = "<group>"; };
		E7C3FAAA1C4EF9CC00281993 /* ACAdBannerView.h */ = {isa = PBXFileReference; lastKnownFileType = sourcecode.c.h; path = ACAdBannerView.h; sourceTree = "<group>"; };
		E7C3FAAB1C4EF9CC00281993 /* ACAdBannerView.m */ = {isa = PBXFileReference; lastKnownFileType = sourcecode.c.objc; path = ACAdBannerView.m; sourceTree = "<group>"; };
		E7C3FAAE1C4EFACB00281993 /* ACAdViewManager.h */ = {isa = PBXFileReference; lastKnownFileType = sourcecode.c.h; path = ACAdViewManager.h; sourceTree = "<group>"; };
		E7C3FAAF1C4EFACB00281993 /* ACAdViewManager.m */ = {isa = PBXFileReference; lastKnownFileType = sourcecode.c.objc; path = ACAdViewManager.m; sourceTree = "<group>"; };
		E7C3FAB11C4F037200281993 /* ACAppUpdater.h */ = {isa = PBXFileReference; lastKnownFileType = sourcecode.c.h; path = ACAppUpdater.h; sourceTree = "<group>"; };
		E7C3FAB21C4F037200281993 /* ACAppUpdater.m */ = {isa = PBXFileReference; lastKnownFileType = sourcecode.c.objc; path = ACAppUpdater.m; sourceTree = "<group>"; };
		E7C3FAB41C4F0A1F00281993 /* AppComponentsNetworking.h */ = {isa = PBXFileReference; lastKnownFileType = sourcecode.c.h; path = AppComponentsNetworking.h; sourceTree = "<group>"; };
		E7C3FAB71C4F0B8F00281993 /* ACNetworkingDefines.h */ = {isa = PBXFileReference; lastKnownFileType = sourcecode.c.h; path = ACNetworkingDefines.h; sourceTree = "<group>"; };
		E7C3FABA1C4FEBFE00281993 /* ACNetworkingHelper.h */ = {isa = PBXFileReference; lastKnownFileType = sourcecode.c.h; path = ACNetworkingHelper.h; sourceTree = "<group>"; };
		E7C3FABB1C4FEBFE00281993 /* ACNetworkingHelper.m */ = {isa = PBXFileReference; lastKnownFileType = sourcecode.c.objc; path = ACNetworkingHelper.m; sourceTree = "<group>"; };
		E7C3FABE1C4FF09200281993 /* AFHTTPSessionManager+ACNetworkingAdditions.h */ = {isa = PBXFileReference; lastKnownFileType = sourcecode.c.h; path = "AFHTTPSessionManager+ACNetworkingAdditions.h"; sourceTree = "<group>"; };
		E7C3FABF1C4FF09200281993 /* AFHTTPSessionManager+ACNetworkingAdditions.m */ = {isa = PBXFileReference; lastKnownFileType = sourcecode.c.objc; path = "AFHTTPSessionManager+ACNetworkingAdditions.m"; sourceTree = "<group>"; };
		E7C3FAC01C4FF57D00281993 /* NSURLSessionTask+ACNetworkingAdditions.h */ = {isa = PBXFileReference; lastKnownFileType = sourcecode.c.h; path = "NSURLSessionTask+ACNetworkingAdditions.h"; sourceTree = "<group>"; };
		E7C3FAC11C4FF57D00281993 /* NSURLSessionTask+ACNetworkingAdditions.m */ = {isa = PBXFileReference; lastKnownFileType = sourcecode.c.objc; path = "NSURLSessionTask+ACNetworkingAdditions.m"; sourceTree = "<group>"; };
		E7C3FAC21C4FFDD400281993 /* ACURLSessionTaskInfo.h */ = {isa = PBXFileReference; lastKnownFileType = sourcecode.c.h; path = ACURLSessionTaskInfo.h; sourceTree = "<group>"; };
		E7C3FAC31C4FFDD400281993 /* ACURLSessionTaskInfo.m */ = {isa = PBXFileReference; lastKnownFileType = sourcecode.c.objc; path = ACURLSessionTaskInfo.m; sourceTree = "<group>"; };
		E7C3FAC41C5014B800281993 /* ACHTTPRequestSerializer.h */ = {isa = PBXFileReference; lastKnownFileType = sourcecode.c.h; path = ACHTTPRequestSerializer.h; sourceTree = "<group>"; };
		E7C3FAC51C5014B800281993 /* ACHTTPRequestSerializer.m */ = {isa = PBXFileReference; lastKnownFileType = sourcecode.c.objc; path = ACHTTPRequestSerializer.m; sourceTree = "<group>"; };
		E7E93D8B1C5DA2080034494E /* ACTableViewController+Private.m */ = {isa = PBXFileReference; lastKnownFileType = sourcecode.c.objc; path = "ACTableViewController+Private.m"; sourceTree = "<group>"; };
/* End PBXFileReference section */

/* Begin PBXGroup section */
		E71B7CF61C50A315001910C2 /* App */ = {
			isa = PBXGroup;
			children = (
				E71B7CF71C50A352001910C2 /* AppComponentsApp.h */,
				E71B7CFA1C51314A001910C2 /* ESApp+ACAlertAdditions.h */,
				E71B7CFB1C51314A001910C2 /* ESApp+ACAlertAdditions.m */,
				E71B7D041C515DB1001910C2 /* ESApp+ACSettings.h */,
				E71B7D051C515DB1001910C2 /* ESApp+ACSettings.m */,
				E71B7D0A1C51748A001910C2 /* ESApp+ACHelper.h */,
				E71B7D0B1C51748A001910C2 /* ESApp+ACHelper.m */,
				E7777D8A1C5567B1005E41C7 /* ACRemoteNotificationServiceRegister.h */,
				E7777D8B1C5567B1005E41C7 /* ACRemoteNotificationServiceRegister.m */,
				E78835911C536C1F00F67C63 /* ESApp+ACRemoteNotification.h */,
				E78835921C536C1F00F67C63 /* ESApp+ACRemoteNotification.m */,
				E78F77591C561F5C00B9A33C /* NSDate+ACAppAdditions.h */,
				E78F775A1C561F5C00B9A33C /* NSDate+ACAppAdditions.m */,
				E706D1891C84734200A64C7D /* AppComponentsApp.bundle */,
			);
			path = App;
			sourceTree = "<group>";
		};
		E72B98071C5F322B00968230 /* WebViewJavascriptBridge */ = {
			isa = PBXGroup;
			children = (
				E72B980A1C5F349C00968230 /* WebViewJavascriptBridge+ACMessageHandler.h */,
				E72B980B1C5F349C00968230 /* WebViewJavascriptBridge+ACMessageHandler.m */,
			);
			path = WebViewJavascriptBridge;
			sourceTree = "<group>";
		};
		E72B980C1C5F5C2700968230 /* Controllers */ = {
			isa = PBXGroup;
			children = (
				E72B98101C5F5C9100968230 /* ACFeedbackViewController.h */,
				E72B98111C5F5C9100968230 /* ACFeedbackViewController.m */,
			);
			path = Controllers;
			sourceTree = "<group>";
		};
		E72B980D1C5F5C4600968230 /* Views */ = {
			isa = PBXGroup;
			children = (
				E72B980E1C5F5C4600968230 /* ACBorderLabel.h */,
				E72B980F1C5F5C4600968230 /* ACBorderLabel.m */,
			);
			path = Views;
			sourceTree = "<group>";
		};
		E7777D8E1C55C58C005E41C7 /* ImageViewController */ = {
			isa = PBXGroup;
			children = (
				E7777D911C55E912005E41C7 /* JTSImageInfo+ACAdditions.h */,
				E7777D921C55E912005E41C7 /* JTSImageInfo+ACAdditions.m */,
				E7777D8F1C55C5AD005E41C7 /* ESApp+ACImageViewController.h */,
				E7777D901C55C5AD005E41C7 /* ESApp+ACImageViewController.m */,
			);
			path = ImageViewController;
			sourceTree = "<group>";
		};
		E78834BE1C51A0C300F67C63 /* Auth */ = {
			isa = PBXGroup;
			children = (
				E78834C51C51A0F700F67C63 /* AppComponentsAuth.h */,
				E78834C91C51AC6000F67C63 /* ACAuthBaseViewController.h */,
				E78834CA1C51AC6000F67C63 /* ACAuthBaseViewController.m */,
				E78834C11C51A0F700F67C63 /* ACAuthVerifyPhoneViewController.h */,
				E78834C21C51A0F700F67C63 /* ACAuthVerifyPhoneViewController.m */,
				E78834CB1C51B26900F67C63 /* ACAuthVerifyPhoneViewController+Private.h */,
				E78834CC1C51B26900F67C63 /* ACAuthVerifyPhoneViewController+Private.m */,
				E78834CE1C51B29900F67C63 /* ACAuthVerifyPhoneViewController+Action.m */,
			);
			path = Auth;
			sourceTree = "<group>";
		};
		E78835781C51ED2C00F67C63 /* WebKit */ = {
			isa = PBXGroup;
			children = (
				E78835821C51EE4F00F67C63 /* AppComponentsWebKit.h */,
				E788357F1C51ED2C00F67C63 /* ACWebViewController.h */,
				E788357C1C51ED2C00F67C63 /* ACWebViewController+Subclassing.h */,
				E78835801C51ED2C00F67C63 /* ACWebViewController.m */,
				E788357D1C51ED2C00F67C63 /* ACWebViewController+Private.m */,
				E788357E1C51ED2C00F67C63 /* ACWebViewController+Subclassing.m */,
			);
			path = WebKit;
			sourceTree = "<group>";
		};
		E78835B41C53D61100F67C63 /* VendorServices */ = {
			isa = PBXGroup;
			children = (
				E78835B51C53D61100F67C63 /* AppComponentsVendorServices.h */,
				E78835BC1C53D61100F67C63 /* UmengAnalytics */,
				E78835B91C53D61100F67C63 /* TalkingDataAnalytics */,
				E78835B61C53D61100F67C63 /* MobSMS */,
				E78835BF1C53D61100F67C63 /* XGPush */,
				E7777D8E1C55C58C005E41C7 /* ImageViewController */,
				E72B98071C5F322B00968230 /* WebViewJavascriptBridge */,
			);
			path = VendorServices;
			sourceTree = "<group>";
		};
		E78835B61C53D61100F67C63 /* MobSMS */ = {
			isa = PBXGroup;
			children = (
				E78835B71C53D61100F67C63 /* ESApp+ACMobSMS.h */,
				E78835B81C53D61100F67C63 /* ESApp+ACMobSMS.m */,
			);
			path = MobSMS;
			sourceTree = "<group>";
		};
		E78835B91C53D61100F67C63 /* TalkingDataAnalytics */ = {
			isa = PBXGroup;
			children = (
				E78835BA1C53D61100F67C63 /* ESApp+ACTalkingDataAnalytics.h */,
				E78835BB1C53D61100F67C63 /* ESApp+ACTalkingDataAnalytics.m */,
			);
			path = TalkingDataAnalytics;
			sourceTree = "<group>";
		};
		E78835BC1C53D61100F67C63 /* UmengAnalytics */ = {
			isa = PBXGroup;
			children = (
				E78835BD1C53D61100F67C63 /* ESApp+ACUmengAnalytics.h */,
				E78835BE1C53D61100F67C63 /* ESApp+ACUmengAnalytics.m */,
			);
			path = UmengAnalytics;
			sourceTree = "<group>";
		};
		E78835BF1C53D61100F67C63 /* XGPush */ = {
			isa = PBXGroup;
			children = (
				E78835C21C53D61100F67C63 /* ESApp+ACXGPush.h */,
				E78835C31C53D61100F67C63 /* ESApp+ACXGPush.m */,
				E7777D8C1C556AC3005E41C7 /* ACRemoteNotificationXGPushService.h */,
				E7777D8D1C556AC3005E41C7 /* ACRemoteNotificationXGPushService.m */,
			);
			path = XGPush;
			sourceTree = "<group>";
		};
		E78F78311C59B0CF00B9A33C /* UIKit */ = {
			isa = PBXGroup;
			children = (
				E78F78321C59B0ED00B9A33C /* AppComponentsUIKit.h */,
				E72B980D1C5F5C4600968230 /* Views */,
				E72B980C1C5F5C2700968230 /* Controllers */,
				E78F78381C5B4BFC00B9A33C /* TableView */,
			);
			path = UIKit;
			sourceTree = "<group>";
		};
		E78F78381C5B4BFC00B9A33C /* TableView */ = {
			isa = PBXGroup;
			children = (
				E78F784F1C5B509800B9A33C /* ACTableViewCell.h */,
				E78F78501C5B509800B9A33C /* ACTableViewCell.m */,
				E78F78511C5B84E600B9A33C /* ACTableViewController.h */,
				E78F78521C5B84E600B9A33C /* ACTableViewController.m */,
				E7E93D8B1C5DA2080034494E /* ACTableViewController+Private.m */,
				E78F78581C5B863A00B9A33C /* ACTableViewController+TableViewDataSource.m */,
			);
			path = TableView;
			sourceTree = "<group>";
		};
		E7A38B331C4DBD3F00972B01 = {
			isa = PBXGroup;
			children = (
				E7A38B441C4DBFBD00972B01 /* AppComponents.h */,
				E7A38B3A1C4DBE1200972B01 /* Core */,
				E7C3FA981C4ED3F900281993 /* Encryptor */,
				E7C3FA9D1C4EEBF600281993 /* UDID */,
				E7C3FAA41C4EF96000281993 /* Ad */,
				E7C3FAB31C4F09FF00281993 /* Networking */,
				E7C3FAB01C4F035300281993 /* AppUpdater */,
				E71B7CF61C50A315001910C2 /* App */,
				E78834BE1C51A0C300F67C63 /* Auth */,
				E78835781C51ED2C00F67C63 /* WebKit */,
				E78F78311C59B0CF00B9A33C /* UIKit */,
				E78835B41C53D61100F67C63 /* VendorServices */,
			);
			indentWidth = 8;
			sourceTree = "<group>";
			tabWidth = 8;
		};
		E7A38B3A1C4DBE1200972B01 /* Core */ = {
			isa = PBXGroup;
			children = (
				E7A38B431C4DBF9F00972B01 /* AppComponentsCore.h */,
				E71B7CF91C50A928001910C2 /* AppComponentsDefines.h */,
				E7C3FA961C4EC29900281993 /* NSDictionary+ACCoreAdditions.h */,
				E7C3FA971C4EC29900281993 /* NSDictionary+ACCoreAdditions.m */,
				E7C3FA921C4E39BC00281993 /* ACConfig.h */,
				E7C3FA931C4E39BC00281993 /* ACConfig.m */,
				E71B7D021C51560B001910C2 /* ACSettings.h */,
				E71B7D031C51560B001910C2 /* ACSettings.m */,
			);
			path = Core;
			sourceTree = "<group>";
		};
		E7C3FA981C4ED3F900281993 /* Encryptor */ = {
			isa = PBXGroup;
			children = (
				E7C3FA9B1C4ED6E800281993 /* AppComponentsEncryptor.h */,
				E7C3FA991C4ED41400281993 /* ACEncryptor.h */,
				E7C3FA9A1C4ED41400281993 /* ACEncryptor.m */,
			);
			path = Encryptor;
			sourceTree = "<group>";
		};
		E7C3FA9D1C4EEBF600281993 /* UDID */ = {
			isa = PBXGroup;
			children = (
				E7C3FA9E1C4EEC9E00281993 /* ACUDID.h */,
				E7C3FA9F1C4EEC9E00281993 /* ACUDID.m */,
			);
			path = UDID;
			sourceTree = "<group>";
		};
		E7C3FAA41C4EF96000281993 /* Ad */ = {
			isa = PBXGroup;
			children = (
				E7C3FAA51C4EF97500281993 /* AppComponentsAd.h */,
				E7C3FAAE1C4EFACB00281993 /* ACAdViewManager.h */,
				E7C3FAAF1C4EFACB00281993 /* ACAdViewManager.m */,
				E7C3FAAA1C4EF9CC00281993 /* ACAdBannerView.h */,
				E7C3FAAB1C4EF9CC00281993 /* ACAdBannerView.m */,
			);
			path = Ad;
			sourceTree = "<group>";
		};
		E7C3FAB01C4F035300281993 /* AppUpdater */ = {
			isa = PBXGroup;
			children = (
				E7C3FAB11C4F037200281993 /* ACAppUpdater.h */,
				E7C3FAB21C4F037200281993 /* ACAppUpdater.m */,
			);
			path = AppUpdater;
			sourceTree = "<group>";
		};
		E7C3FAB31C4F09FF00281993 /* Networking */ = {
			isa = PBXGroup;
			children = (
				E7C3FAB41C4F0A1F00281993 /* AppComponentsNetworking.h */,
				E7C3FAB71C4F0B8F00281993 /* ACNetworkingDefines.h */,
				E7C3FAC21C4FFDD400281993 /* ACURLSessionTaskInfo.h */,
				E7C3FAC31C4FFDD400281993 /* ACURLSessionTaskInfo.m */,
				E7C3FAC01C4FF57D00281993 /* NSURLSessionTask+ACNetworkingAdditions.h */,
				E7C3FAC11C4FF57D00281993 /* NSURLSessionTask+ACNetworkingAdditions.m */,
				E7C3FABE1C4FF09200281993 /* AFHTTPSessionManager+ACNetworkingAdditions.h */,
				E7C3FABF1C4FF09200281993 /* AFHTTPSessionManager+ACNetworkingAdditions.m */,
				E7C3FABA1C4FEBFE00281993 /* ACNetworkingHelper.h */,
				E7C3FABB1C4FEBFE00281993 /* ACNetworkingHelper.m */,
				E7C3FAC41C5014B800281993 /* ACHTTPRequestSerializer.h */,
				E7C3FAC51C5014B800281993 /* ACHTTPRequestSerializer.m */,
				E71B7CEF1C5032A4001910C2 /* ACHTTPSessionManager.h */,
				E71B7CF01C5032A4001910C2 /* ACHTTPSessionManager.m */,
				E71B7CF41C509D21001910C2 /* ACApiClient.h */,
				E71B7CF51C509D21001910C2 /* ACApiClient.m */,
			);
			path = Networking;
			sourceTree = "<group>";
		};
/* End PBXGroup section */

/* Begin PBXProject section */
		E7A38B341C4DBD3F00972B01 /* Project object */ = {
			isa = PBXProject;
			attributes = {
				LastUpgradeCheck = 0720;
				ORGANIZATIONNAME = www.0x123.com;
			};
			buildConfigurationList = E7A38B371C4DBD3F00972B01 /* Build configuration list for PBXProject "AppComponents" */;
			compatibilityVersion = "Xcode 3.2";
			developmentRegion = English;
			hasScannedForEncodings = 0;
			knownRegions = (
				en,
			);
			mainGroup = E7A38B331C4DBD3F00972B01;
			projectDirPath = "";
			projectRoot = "";
			targets = (
			);
		};
/* End PBXProject section */

/* Begin XCBuildConfiguration section */
		E7A38B381C4DBD3F00972B01 /* Debug */ = {
			isa = XCBuildConfiguration;
			buildSettings = {
			};
			name = Debug;
		};
		E7A38B391C4DBD3F00972B01 /* Release */ = {
			isa = XCBuildConfiguration;
			buildSettings = {
			};
			name = Release;
		};
/* End XCBuildConfiguration section */

/* Begin XCConfigurationList section */
		E7A38B371C4DBD3F00972B01 /* Build configuration list for PBXProject "AppComponents" */ = {
			isa = XCConfigurationList;
			buildConfigurations = (
				E7A38B381C4DBD3F00972B01 /* Debug */,
				E7A38B391C4DBD3F00972B01 /* Release */,
			);
			defaultConfigurationIsVisible = 0;
			defaultConfigurationName = Release;
		};
/* End XCConfigurationList section */
	};
	rootObject = E7A38B341C4DBD3F00972B01 /* Project object */;
}
