// !$*UTF8*$!
{
	archiveVersion = 1;
	classes = {
	};
	objectVersion = 46;
	objects = {

/* Begin PBXFileReference section */
		E7A38B431C4DBF9F00972B01 /* AppComponentsCore.h */ = {isa = PBXFileReference; lastKnownFileType = sourcecode.c.h; path = AppComponentsCore.h; sourceTree = "<group>"; };
		E7A38B441C4DBFBD00972B01 /* AppComponents.h */ = {isa = PBXFileReference; lastKnownFileType = sourcecode.c.h; path = AppComponents.h; sourceTree = "<group>"; };
		E7C3FA921C4E39BC00281993 /* ACConfig.h */ = {isa = PBXFileReference; lastKnownFileType = sourcecode.c.h; path = ACConfig.h; sourceTree = "<group>"; };
		E7C3FA931C4E39BC00281993 /* ACConfig.m */ = {isa = PBXFileReference; lastKnownFileType = sourcecode.c.objc; path = ACConfig.m; sourceTree = "<group>"; };
		E7C3FA961C4EC29900281993 /* NSDictionary+ACCoreAdditions.h */ = {isa = PBXFileReference; lastKnownFileType = sourcecode.c.h; path = "NSDictionary+ACCoreAdditions.h"; sourceTree = "<group>"; };
		E7C3FA971C4EC29900281993 /* NSDictionary+ACCoreAdditions.m */ = {isa = PBXFileReference; lastKnownFileType = sourcecode.c.objc; path = "NSDictionary+ACCoreAdditions.m"; sourceTree = "<group>"; };
		E7C3FA991C4ED41400281993 /* ACEncryptor.h */ = {isa = PBXFileReference; lastKnownFileType = sourcecode.c.h; path = ACEncryptor.h; sourceTree = "<group>"; };
		E7C3FA9A1C4ED41400281993 /* ACEncryptor.m */ = {isa = PBXFileReference; lastKnownFileType = sourcecode.c.objc; path = ACEncryptor.m; sourceTree = "<group>"; };
		E7C3FA9B1C4ED6E800281993 /* AppComponentsEncryptor.h */ = {isa = PBXFileReference; lastKnownFileType = sourcecode.c.h; path = AppComponentsEncryptor.h; sourceTree = "<group>"; };
		E7C3FA9E1C4EEC9E00281993 /* ACUDID.h */ = {isa = PBXFileReference; lastKnownFileType = sourcecode.c.h; path = ACUDID.h; sourceTree = "<group>"; };
		E7C3FA9F1C4EEC9E00281993 /* ACUDID.m */ = {isa = PBXFileReference; lastKnownFileType = sourcecode.c.objc; path = ACUDID.m; sourceTree = "<group>"; };
/* End PBXFileReference section */

/* Begin PBXGroup section */
		E7A38B331C4DBD3F00972B01 = {
			isa = PBXGroup;
			children = (
				E7A38B441C4DBFBD00972B01 /* AppComponents.h */,
				E7A38B3A1C4DBE1200972B01 /* Core */,
				E7C3FA981C4ED3F900281993 /* Encryptor */,
				E7C3FA9D1C4EEBF600281993 /* UDID */,
			);
			indentWidth = 8;
			sourceTree = "<group>";
			tabWidth = 8;
		};
		E7A38B3A1C4DBE1200972B01 /* Core */ = {
			isa = PBXGroup;
			children = (
				E7A38B431C4DBF9F00972B01 /* AppComponentsCore.h */,
				E7C3FA961C4EC29900281993 /* NSDictionary+ACCoreAdditions.h */,
				E7C3FA971C4EC29900281993 /* NSDictionary+ACCoreAdditions.m */,
				E7C3FA921C4E39BC00281993 /* ACConfig.h */,
				E7C3FA931C4E39BC00281993 /* ACConfig.m */,
			);
			path = Core;
			sourceTree = "<group>";
		};
		E7C3FA981C4ED3F900281993 /* Encryptor */ = {
			isa = PBXGroup;
			children = (
				E7C3FA9B1C4ED6E800281993 /* AppComponentsEncryptor.h */,
				E7C3FA991C4ED41400281993 /* ACEncryptor.h */,
				E7C3FA9A1C4ED41400281993 /* ACEncryptor.m */,
			);
			path = Encryptor;
			sourceTree = "<group>";
		};
		E7C3FA9D1C4EEBF600281993 /* UDID */ = {
			isa = PBXGroup;
			children = (
				E7C3FA9E1C4EEC9E00281993 /* ACUDID.h */,
				E7C3FA9F1C4EEC9E00281993 /* ACUDID.m */,
			);
			path = UDID;
			sourceTree = "<group>";
		};
/* End PBXGroup section */

/* Begin PBXProject section */
		E7A38B341C4DBD3F00972B01 /* Project object */ = {
			isa = PBXProject;
			attributes = {
				LastUpgradeCheck = 0720;
				ORGANIZATIONNAME = www.0x123.com;
			};
			buildConfigurationList = E7A38B371C4DBD3F00972B01 /* Build configuration list for PBXProject "AppComponents" */;
			compatibilityVersion = "Xcode 3.2";
			developmentRegion = English;
			hasScannedForEncodings = 0;
			knownRegions = (
				en,
			);
			mainGroup = E7A38B331C4DBD3F00972B01;
			projectDirPath = "";
			projectRoot = "";
			targets = (
			);
		};
/* End PBXProject section */

/* Begin XCBuildConfiguration section */
		E7A38B381C4DBD3F00972B01 /* Debug */ = {
			isa = XCBuildConfiguration;
			buildSettings = {
			};
			name = Debug;
		};
		E7A38B391C4DBD3F00972B01 /* Release */ = {
			isa = XCBuildConfiguration;
			buildSettings = {
			};
			name = Release;
		};
/* End XCBuildConfiguration section */

/* Begin XCConfigurationList section */
		E7A38B371C4DBD3F00972B01 /* Build configuration list for PBXProject "AppComponents" */ = {
			isa = XCConfigurationList;
			buildConfigurations = (
				E7A38B381C4DBD3F00972B01 /* Debug */,
				E7A38B391C4DBD3F00972B01 /* Release */,
			);
			defaultConfigurationIsVisible = 0;
			defaultConfigurationName = Release;
		};
/* End XCConfigurationList section */
	};
	rootObject = E7A38B341C4DBD3F00972B01 /* Project object */;
}
