// !$*UTF8*$!
{
	archiveVersion = 1;
	classes = {
	};
	objectVersion = 46;
	objects = {

/* Begin PBXFileReference section */
		E706D1891C84734200A64C7D /* AppComponentsApp.bundle */ = {isa = PBXFileReference; lastKnownFileType = "wrapper.plug-in"; path = AppComponentsApp.bundle; sourceTree = "<group>"; };
		E71004751C9CF79000EB14AE /* ACEncryptor.h */ = {isa = PBXFileReference; lastKnownFileType = sourcecode.c.h; path = ACEncryptor.h; sourceTree = "<group>"; };
		E71004761C9CF79000EB14AE /* ACEncryptor.m */ = {isa = PBXFileReference; lastKnownFileType = sourcecode.c.objc; path = ACEncryptor.m; sourceTree = "<group>"; };
		E71004771C9D025C00EB14AE /* ACUDID.h */ = {isa = PBXFileReference; lastKnownFileType = sourcecode.c.h; lineEnding = 0; path = ACUDID.h; sourceTree = "<group>"; xcLanguageSpecificationIdentifier = xcode.lang.objcpp; };
		E71004781C9D025C00EB14AE /* ACUDID.m */ = {isa = PBXFileReference; lastKnownFileType = sourcecode.c.objc; path = ACUDID.m; sourceTree = "<group>"; };
		E71B7CF71C50A352001910C2 /* AppComponentsApp.h */ = {isa = PBXFileReference; lastKnownFileType = sourcecode.c.h; lineEnding = 0; path = AppComponentsApp.h; sourceTree = "<group>"; xcLanguageSpecificationIdentifier = xcode.lang.objcpp; };
		E71B7CF91C50A928001910C2 /* AppComponentsDefines.h */ = {isa = PBXFileReference; lastKnownFileType = sourcecode.c.h; path = AppComponentsDefines.h; sourceTree = "<group>"; };
		E71B7CFA1C51314A001910C2 /* ESApp+ACAlertAdditions.h */ = {isa = PBXFileReference; lastKnownFileType = sourcecode.c.h; path = "ESApp+ACAlertAdditions.h"; sourceTree = "<group>"; };
		E71B7CFB1C51314A001910C2 /* ESApp+ACAlertAdditions.m */ = {isa = PBXFileReference; lastKnownFileType = sourcecode.c.objc; path = "ESApp+ACAlertAdditions.m"; sourceTree = "<group>"; };
		E71B7D021C51560B001910C2 /* ACSettings.h */ = {isa = PBXFileReference; lastKnownFileType = sourcecode.c.h; path = ACSettings.h; sourceTree = "<group>"; };
		E71B7D031C51560B001910C2 /* ACSettings.m */ = {isa = PBXFileReference; lastKnownFileType = sourcecode.c.objc; path = ACSettings.m; sourceTree = "<group>"; };
		E71B7D041C515DB1001910C2 /* ESApp+ACSettings.h */ = {isa = PBXFileReference; lastKnownFileType = sourcecode.c.h; path = "ESApp+ACSettings.h"; sourceTree = "<group>"; };
		E71B7D051C515DB1001910C2 /* ESApp+ACSettings.m */ = {isa = PBXFileReference; lastKnownFileType = sourcecode.c.objc; path = "ESApp+ACSettings.m"; sourceTree = "<group>"; };
		E71B7D0A1C51748A001910C2 /* ESApp+ACHelper.h */ = {isa = PBXFileReference; lastKnownFileType = sourcecode.c.h; path = "ESApp+ACHelper.h"; sourceTree = "<group>"; };
		E71B7D0B1C51748A001910C2 /* ESApp+ACHelper.m */ = {isa = PBXFileReference; lastKnownFileType = sourcecode.c.objc; path = "ESApp+ACHelper.m"; sourceTree = "<group>"; };
		E72077101E198F4D00815CB9 /* ACTableViewController+TableViewDelegate.m */ = {isa = PBXFileReference; lastKnownFileType = sourcecode.c.objc; path = "ACTableViewController+TableViewDelegate.m"; sourceTree = "<group>"; };
		E7259D921CA8936F004633B7 /* ACWebViewController+Helper.m */ = {isa = PBXFileReference; lastKnownFileType = sourcecode.c.objc; path = "ACWebViewController+Helper.m"; sourceTree = "<group>"; };
		E7259D931CA8936F004633B7 /* ACWebViewController+Private.h */ = {isa = PBXFileReference; lastKnownFileType = sourcecode.c.h; lineEnding = 0; path = "ACWebViewController+Private.h"; sourceTree = "<group>"; xcLanguageSpecificationIdentifier = xcode.lang.objcpp; };
		E7259D941CA8936F004633B7 /* ACWebViewController+Private.m */ = {isa = PBXFileReference; lastKnownFileType = sourcecode.c.objc; path = "ACWebViewController+Private.m"; sourceTree = "<group>"; };
		E7259D961CA8936F004633B7 /* ACWebViewController.h */ = {isa = PBXFileReference; lastKnownFileType = sourcecode.c.h; path = ACWebViewController.h; sourceTree = "<group>"; };
		E7259D971CA8936F004633B7 /* ACWebViewController.m */ = {isa = PBXFileReference; lastKnownFileType = sourcecode.c.objc; path = ACWebViewController.m; sourceTree = "<group>"; };
		E72B980E1C5F5C4600968230 /* ACBorderLabel.h */ = {isa = PBXFileReference; lastKnownFileType = sourcecode.c.h; path = ACBorderLabel.h; sourceTree = "<group>"; };
		E72B980F1C5F5C4600968230 /* ACBorderLabel.m */ = {isa = PBXFileReference; lastKnownFileType = sourcecode.c.objc; path = ACBorderLabel.m; sourceTree = "<group>"; };
		E72B98101C5F5C9100968230 /* ACFeedbackViewController.h */ = {isa = PBXFileReference; lastKnownFileType = sourcecode.c.h; path = ACFeedbackViewController.h; sourceTree = "<group>"; };
		E72B98111C5F5C9100968230 /* ACFeedbackViewController.m */ = {isa = PBXFileReference; lastKnownFileType = sourcecode.c.objc; lineEnding = 0; path = ACFeedbackViewController.m; sourceTree = "<group>"; xcLanguageSpecificationIdentifier = xcode.lang.objc; };
		E7365DBF1CA867C700ADC777 /* ACAppUpdater.h */ = {isa = PBXFileReference; lastKnownFileType = sourcecode.c.h; lineEnding = 0; path = ACAppUpdater.h; sourceTree = "<group>"; xcLanguageSpecificationIdentifier = xcode.lang.objcpp; };
		E7365DC01CA867C700ADC777 /* ACAppUpdater.m */ = {isa = PBXFileReference; lastKnownFileType = sourcecode.c.objc; path = ACAppUpdater.m; sourceTree = "<group>"; };
		E7365DC11CA8684300ADC777 /* ACAdBannerView.h */ = {isa = PBXFileReference; lastKnownFileType = sourcecode.c.h; path = ACAdBannerView.h; sourceTree = "<group>"; };
		E7365DC21CA8684300ADC777 /* ACAdBannerView.m */ = {isa = PBXFileReference; lastKnownFileType = sourcecode.c.objc; path = ACAdBannerView.m; sourceTree = "<group>"; };
		E7365DC31CA8684300ADC777 /* ACAdViewManager.h */ = {isa = PBXFileReference; lastKnownFileType = sourcecode.c.h; lineEnding = 0; path = ACAdViewManager.h; sourceTree = "<group>"; xcLanguageSpecificationIdentifier = xcode.lang.objcpp; };
		E7365DC41CA8684300ADC777 /* ACAdViewManager.m */ = {isa = PBXFileReference; lastKnownFileType = sourcecode.c.objc; path = ACAdViewManager.m; sourceTree = "<group>"; };
		E746B4AB1CABB8BA00EC634B /* AFURLSessionManager+ACNetworking.h */ = {isa = PBXFileReference; lastKnownFileType = sourcecode.c.h; path = "AFURLSessionManager+ACNetworking.h"; sourceTree = "<group>"; };
		E746B4AC1CABB8BA00EC634B /* AFURLSessionManager+ACNetworking.m */ = {isa = PBXFileReference; lastKnownFileType = sourcecode.c.objc; path = "AFURLSessionManager+ACNetworking.m"; sourceTree = "<group>"; };
		E78834C11C51A0F700F67C63 /* ACAuthVerifyPhoneViewController.h */ = {isa = PBXFileReference; lastKnownFileType = sourcecode.c.h; lineEnding = 0; path = ACAuthVerifyPhoneViewController.h; sourceTree = "<group>"; };
		E78834C21C51A0F700F67C63 /* ACAuthVerifyPhoneViewController.m */ = {isa = PBXFileReference; lastKnownFileType = sourcecode.c.objc; path = ACAuthVerifyPhoneViewController.m; sourceTree = "<group>"; };
		E78834C51C51A0F700F67C63 /* AppComponentsAuth.h */ = {isa = PBXFileReference; lastKnownFileType = sourcecode.c.h; lineEnding = 0; path = AppComponentsAuth.h; sourceTree = "<group>"; xcLanguageSpecificationIdentifier = xcode.lang.objcpp; };
		E78834C91C51AC6000F67C63 /* ACAuthBaseViewController.h */ = {isa = PBXFileReference; lastKnownFileType = sourcecode.c.h; path = ACAuthBaseViewController.h; sourceTree = "<group>"; };
		E78834CA1C51AC6000F67C63 /* ACAuthBaseViewController.m */ = {isa = PBXFileReference; lastKnownFileType = sourcecode.c.objc; path = ACAuthBaseViewController.m; sourceTree = "<group>"; };
		E78834CC1C51B26900F67C63 /* ACAuthVerifyPhoneViewController+Private.m */ = {isa = PBXFileReference; lastKnownFileType = sourcecode.c.objc; path = "ACAuthVerifyPhoneViewController+Private.m"; sourceTree = "<group>"; };
		E78834CE1C51B29900F67C63 /* ACAuthVerifyPhoneViewController+Subclassing.m */ = {isa = PBXFileReference; lastKnownFileType = sourcecode.c.objc; path = "ACAuthVerifyPhoneViewController+Subclassing.m"; sourceTree = "<group>"; };
		E78F77591C561F5C00B9A33C /* NSDate+ACAppAdditions.h */ = {isa = PBXFileReference; lastKnownFileType = sourcecode.c.h; path = "NSDate+ACAppAdditions.h"; sourceTree = "<group>"; };
		E78F775A1C561F5C00B9A33C /* NSDate+ACAppAdditions.m */ = {isa = PBXFileReference; lastKnownFileType = sourcecode.c.objc; path = "NSDate+ACAppAdditions.m"; sourceTree = "<group>"; };
		E78F78321C59B0ED00B9A33C /* AppComponentsUIKit.h */ = {isa = PBXFileReference; lastKnownFileType = sourcecode.c.h; path = AppComponentsUIKit.h; sourceTree = "<group>"; };
		E78F784F1C5B509800B9A33C /* ACTableViewCell.h */ = {isa = PBXFileReference; lastKnownFileType = sourcecode.c.h; path = ACTableViewCell.h; sourceTree = "<group>"; };
		E78F78501C5B509800B9A33C /* ACTableViewCell.m */ = {isa = PBXFileReference; lastKnownFileType = sourcecode.c.objc; path = ACTableViewCell.m; sourceTree = "<group>"; };
		E78F78511C5B84E600B9A33C /* ACTableViewController.h */ = {isa = PBXFileReference; lastKnownFileType = sourcecode.c.h; lineEnding = 0; path = ACTableViewController.h; sourceTree = "<group>"; xcLanguageSpecificationIdentifier = xcode.lang.objcpp; };
		E78F78521C5B84E600B9A33C /* ACTableViewController.m */ = {isa = PBXFileReference; lastKnownFileType = sourcecode.c.objc; path = ACTableViewController.m; sourceTree = "<group>"; };
		E78F78581C5B863A00B9A33C /* ACTableViewController+TableViewDataSource.m */ = {isa = PBXFileReference; lastKnownFileType = sourcecode.c.objc; path = "ACTableViewController+TableViewDataSource.m"; sourceTree = "<group>"; };
		E79EFD251CB038A0004A468D /* ESApp+ACImageViewController.h */ = {isa = PBXFileReference; lastKnownFileType = sourcecode.c.h; path = "ESApp+ACImageViewController.h"; sourceTree = "<group>"; };
		E79EFD261CB038A0004A468D /* ESApp+ACImageViewController.m */ = {isa = PBXFileReference; lastKnownFileType = sourcecode.c.objc; path = "ESApp+ACImageViewController.m"; sourceTree = "<group>"; };
		E7A38B431C4DBF9F00972B01 /* AppComponentsCore.h */ = {isa = PBXFileReference; lastKnownFileType = sourcecode.c.h; path = AppComponentsCore.h; sourceTree = "<group>"; };
		E7A38B441C4DBFBD00972B01 /* AppComponents.h */ = {isa = PBXFileReference; lastKnownFileType = sourcecode.c.h; lineEnding = 0; path = AppComponents.h; sourceTree = "<group>"; xcLanguageSpecificationIdentifier = xcode.lang.objcpp; };
		E7BB71211CAB4D330042CB98 /* NSHTTPURLResponse+ACNetworking.h */ = {isa = PBXFileReference; lastKnownFileType = sourcecode.c.h; path = "NSHTTPURLResponse+ACNetworking.h"; sourceTree = "<group>"; };
		E7BB71221CAB4D330042CB98 /* NSHTTPURLResponse+ACNetworking.m */ = {isa = PBXFileReference; lastKnownFileType = sourcecode.c.objc; path = "NSHTTPURLResponse+ACNetworking.m"; sourceTree = "<group>"; };
		E7BB71271CAB75A30042CB98 /* AFHTTPRequestSerializer+ACNetworking.h */ = {isa = PBXFileReference; lastKnownFileType = sourcecode.c.h; path = "AFHTTPRequestSerializer+ACNetworking.h"; sourceTree = "<group>"; };
		E7BB71281CAB75A30042CB98 /* AFHTTPRequestSerializer+ACNetworking.m */ = {isa = PBXFileReference; lastKnownFileType = sourcecode.c.objc; path = "AFHTTPRequestSerializer+ACNetworking.m"; sourceTree = "<group>"; };
		E7C3FA921C4E39BC00281993 /* ACConfig.h */ = {isa = PBXFileReference; lastKnownFileType = sourcecode.c.h; lineEnding = 0; path = ACConfig.h; sourceTree = "<group>"; xcLanguageSpecificationIdentifier = xcode.lang.objcpp; };
		E7C3FA931C4E39BC00281993 /* ACConfig.m */ = {isa = PBXFileReference; lastKnownFileType = sourcecode.c.objc; path = ACConfig.m; sourceTree = "<group>"; };
		E7C3FAB41C4F0A1F00281993 /* AppComponentsNetworking.h */ = {isa = PBXFileReference; lastKnownFileType = sourcecode.c.h; path = AppComponentsNetworking.h; sourceTree = "<group>"; };
		E7C3FABE1C4FF09200281993 /* AFHTTPSessionManager+ACNetworking.h */ = {isa = PBXFileReference; lastKnownFileType = sourcecode.c.h; lineEnding = 0; path = "AFHTTPSessionManager+ACNetworking.h"; sourceTree = "<group>"; xcLanguageSpecificationIdentifier = xcode.lang.objcpp; };
		E7C3FABF1C4FF09200281993 /* AFHTTPSessionManager+ACNetworking.m */ = {isa = PBXFileReference; lastKnownFileType = sourcecode.c.objc; path = "AFHTTPSessionManager+ACNetworking.m"; sourceTree = "<group>"; };
		E7C3FAC01C4FF57D00281993 /* NSURLSessionTask+ACNetworking.h */ = {isa = PBXFileReference; lastKnownFileType = sourcecode.c.h; path = "NSURLSessionTask+ACNetworking.h"; sourceTree = "<group>"; };
		E7C3FAC11C4FF57D00281993 /* NSURLSessionTask+ACNetworking.m */ = {isa = PBXFileReference; lastKnownFileType = sourcecode.c.objc; path = "NSURLSessionTask+ACNetworking.m"; sourceTree = "<group>"; };
		E7E93D8B1C5DA2080034494E /* ACTableViewController+Private.m */ = {isa = PBXFileReference; lastKnownFileType = sourcecode.c.objc; path = "ACTableViewController+Private.m"; sourceTree = "<group>"; };
/* End PBXFileReference section */

/* Begin PBXGroup section */
		E71B7CF61C50A315001910C2 /* App */ = {
			isa = PBXGroup;
			children = (
				E71B7CF71C50A352001910C2 /* AppComponentsApp.h */,
				E71B7CFA1C51314A001910C2 /* ESApp+ACAlertAdditions.h */,
				E71B7CFB1C51314A001910C2 /* ESApp+ACAlertAdditions.m */,
				E71B7D041C515DB1001910C2 /* ESApp+ACSettings.h */,
				E71B7D051C515DB1001910C2 /* ESApp+ACSettings.m */,
				E71B7D0A1C51748A001910C2 /* ESApp+ACHelper.h */,
				E71B7D0B1C51748A001910C2 /* ESApp+ACHelper.m */,
				E79EFD251CB038A0004A468D /* ESApp+ACImageViewController.h */,
				E79EFD261CB038A0004A468D /* ESApp+ACImageViewController.m */,
				E78F77591C561F5C00B9A33C /* NSDate+ACAppAdditions.h */,
				E78F775A1C561F5C00B9A33C /* NSDate+ACAppAdditions.m */,
				E7365DC11CA8684300ADC777 /* ACAdBannerView.h */,
				E7365DC21CA8684300ADC777 /* ACAdBannerView.m */,
				E7365DC31CA8684300ADC777 /* ACAdViewManager.h */,
				E7365DC41CA8684300ADC777 /* ACAdViewManager.m */,
				E7365DBF1CA867C700ADC777 /* ACAppUpdater.h */,
				E7365DC01CA867C700ADC777 /* ACAppUpdater.m */,
				E706D1891C84734200A64C7D /* AppComponentsApp.bundle */,
			);
			indentWidth = 4;
			path = App;
			sourceTree = "<group>";
			tabWidth = 4;
		};
		E7259D901CA8936F004633B7 /* WebView */ = {
			isa = PBXGroup;
			children = (
				E7259D961CA8936F004633B7 /* ACWebViewController.h */,
				E7259D971CA8936F004633B7 /* ACWebViewController.m */,
				E7259D931CA8936F004633B7 /* ACWebViewController+Private.h */,
				E7259D941CA8936F004633B7 /* ACWebViewController+Private.m */,
				E7259D921CA8936F004633B7 /* ACWebViewController+Helper.m */,
			);
			path = WebView;
			sourceTree = "<group>";
		};
		E72B980C1C5F5C2700968230 /* Controllers */ = {
			isa = PBXGroup;
			children = (
				E72B98101C5F5C9100968230 /* ACFeedbackViewController.h */,
				E72B98111C5F5C9100968230 /* ACFeedbackViewController.m */,
			);
			path = Controllers;
			sourceTree = "<group>";
		};
		E72B980D1C5F5C4600968230 /* Views */ = {
			isa = PBXGroup;
			children = (
				E72B980E1C5F5C4600968230 /* ACBorderLabel.h */,
				E72B980F1C5F5C4600968230 /* ACBorderLabel.m */,
			);
			path = Views;
			sourceTree = "<group>";
		};
		E78834BE1C51A0C300F67C63 /* Auth */ = {
			isa = PBXGroup;
			children = (
				E78834C51C51A0F700F67C63 /* AppComponentsAuth.h */,
				E78834C91C51AC6000F67C63 /* ACAuthBaseViewController.h */,
				E78834CA1C51AC6000F67C63 /* ACAuthBaseViewController.m */,
				E78834C11C51A0F700F67C63 /* ACAuthVerifyPhoneViewController.h */,
				E78834C21C51A0F700F67C63 /* ACAuthVerifyPhoneViewController.m */,
				E78834CC1C51B26900F67C63 /* ACAuthVerifyPhoneViewController+Private.m */,
				E78834CE1C51B29900F67C63 /* ACAuthVerifyPhoneViewController+Subclassing.m */,
			);
			indentWidth = 4;
			path = Auth;
			sourceTree = "<group>";
			tabWidth = 4;
		};
		E78F78311C59B0CF00B9A33C /* UIKit */ = {
			isa = PBXGroup;
			children = (
				E78F78321C59B0ED00B9A33C /* AppComponentsUIKit.h */,
				E72B980D1C5F5C4600968230 /* Views */,
				E72B980C1C5F5C2700968230 /* Controllers */,
				E78F78381C5B4BFC00B9A33C /* TableView */,
				E7259D901CA8936F004633B7 /* WebView */,
			);
			indentWidth = 4;
			path = UIKit;
			sourceTree = "<group>";
			tabWidth = 4;
		};
		E78F78381C5B4BFC00B9A33C /* TableView */ = {
			isa = PBXGroup;
			children = (
				E78F784F1C5B509800B9A33C /* ACTableViewCell.h */,
				E78F78501C5B509800B9A33C /* ACTableViewCell.m */,
				E78F78511C5B84E600B9A33C /* ACTableViewController.h */,
				E78F78521C5B84E600B9A33C /* ACTableViewController.m */,
				E7E93D8B1C5DA2080034494E /* ACTableViewController+Private.m */,
				E78F78581C5B863A00B9A33C /* ACTableViewController+TableViewDataSource.m */,
				E72077101E198F4D00815CB9 /* ACTableViewController+TableViewDelegate.m */,
			);
			path = TableView;
			sourceTree = "<group>";
		};
		E7A38B331C4DBD3F00972B01 = {
			isa = PBXGroup;
			children = (
				E7A38B441C4DBFBD00972B01 /* AppComponents.h */,
				E7A38B3A1C4DBE1200972B01 /* Core */,
				E7C3FAB31C4F09FF00281993 /* Networking */,
				E71B7CF61C50A315001910C2 /* App */,
				E78F78311C59B0CF00B9A33C /* UIKit */,
				E78834BE1C51A0C300F67C63 /* Auth */,
			);
			indentWidth = 4;
			sourceTree = "<group>";
			tabWidth = 4;
		};
		E7A38B3A1C4DBE1200972B01 /* Core */ = {
			isa = PBXGroup;
			children = (
				E7A38B431C4DBF9F00972B01 /* AppComponentsCore.h */,
				E71B7CF91C50A928001910C2 /* AppComponentsDefines.h */,
				E7C3FA921C4E39BC00281993 /* ACConfig.h */,
				E7C3FA931C4E39BC00281993 /* ACConfig.m */,
				E71B7D021C51560B001910C2 /* ACSettings.h */,
				E71B7D031C51560B001910C2 /* ACSettings.m */,
				E71004751C9CF79000EB14AE /* ACEncryptor.h */,
				E71004761C9CF79000EB14AE /* ACEncryptor.m */,
				E71004771C9D025C00EB14AE /* ACUDID.h */,
				E71004781C9D025C00EB14AE /* ACUDID.m */,
			);
			indentWidth = 4;
			path = Core;
			sourceTree = "<group>";
			tabWidth = 4;
		};
		E7C3FAB31C4F09FF00281993 /* Networking */ = {
			isa = PBXGroup;
			children = (
				E7C3FAB41C4F0A1F00281993 /* AppComponentsNetworking.h */,
				E7BB71211CAB4D330042CB98 /* NSHTTPURLResponse+ACNetworking.h */,
				E7BB71221CAB4D330042CB98 /* NSHTTPURLResponse+ACNetworking.m */,
				E7C3FAC01C4FF57D00281993 /* NSURLSessionTask+ACNetworking.h */,
				E7C3FAC11C4FF57D00281993 /* NSURLSessionTask+ACNetworking.m */,
				E7BB71271CAB75A30042CB98 /* AFHTTPRequestSerializer+ACNetworking.h */,
				E7BB71281CAB75A30042CB98 /* AFHTTPRequestSerializer+ACNetworking.m */,
				E746B4AB1CABB8BA00EC634B /* AFURLSessionManager+ACNetworking.h */,
				E746B4AC1CABB8BA00EC634B /* AFURLSessionManager+ACNetworking.m */,
				E7C3FABE1C4FF09200281993 /* AFHTTPSessionManager+ACNetworking.h */,
				E7C3FABF1C4FF09200281993 /* AFHTTPSessionManager+ACNetworking.m */,
			);
			indentWidth = 4;
			path = Networking;
			sourceTree = "<group>";
			tabWidth = 4;
		};
/* End PBXGroup section */

/* Begin PBXProject section */
		E7A38B341C4DBD3F00972B01 /* Project object */ = {
			isa = PBXProject;
			attributes = {
				LastUpgradeCheck = 0720;
				ORGANIZATIONNAME = www.0x123.com;
			};
			buildConfigurationList = E7A38B371C4DBD3F00972B01 /* Build configuration list for PBXProject "AppComponents" */;
			compatibilityVersion = "Xcode 3.2";
			developmentRegion = English;
			hasScannedForEncodings = 0;
			knownRegions = (
				en,
			);
			mainGroup = E7A38B331C4DBD3F00972B01;
			projectDirPath = "";
			projectRoot = "";
			targets = (
			);
		};
/* End PBXProject section */

/* Begin XCBuildConfiguration section */
		E7A38B381C4DBD3F00972B01 /* Debug */ = {
			isa = XCBuildConfiguration;
			buildSettings = {
			};
			name = Debug;
		};
		E7A38B391C4DBD3F00972B01 /* Release */ = {
			isa = XCBuildConfiguration;
			buildSettings = {
			};
			name = Release;
		};
/* End XCBuildConfiguration section */

/* Begin XCConfigurationList section */
		E7A38B371C4DBD3F00972B01 /* Build configuration list for PBXProject "AppComponents" */ = {
			isa = XCConfigurationList;
			buildConfigurations = (
				E7A38B381C4DBD3F00972B01 /* Debug */,
				E7A38B391C4DBD3F00972B01 /* Release */,
			);
			defaultConfigurationIsVisible = 0;
			defaultConfigurationName = Release;
		};
/* End XCConfigurationList section */
	};
	rootObject = E7A38B341C4DBD3F00972B01 /* Project object */;
}
