PODS:
  - AppComponents (1.0.0):
    - AppComponents/Ad (= 1.0.0)
    - AppComponents/AppUpdater (= 1.0.0)
    - AppComponents/Core (= 1.0.0)
    - AppComponents/Encryptor (= 1.0.0)
    - AppComponents/UDID (= 1.0.0)
    - AppComponents/View (= 1.0.0)
  - AppComponents/Ad (1.0.0):
    - AppComponents/Core
    - ESFramework/App
  - AppComponents/AppUpdater (1.0.0):
    - AppComponents/Core
    - ESFramework/App
    - ESFramework/StoreKit
  - AppComponents/Core (1.0.0):
    - ESFramework/Additions
    - ESFramework/Core
  - AppComponents/Encryptor (1.0.0):
    - ESFramework/Core
  - AppComponents/UDID (1.0.0):
    - AppComponents/Core
    - UICKeyChainStore
  - AppComponents/View (1.0.0):
    - AppComponents/Core
    - ESFramework/UIKit
  - ESFramework/Additions (2.3.0):
    - ESFramework/Core
  - ESFramework/App (2.3.0):
    - ESFramework/Additions
    - ESFramework/Core
  - ESFramework/Core (2.3.0)
  - ESFramework/StoreKit (2.3.0):
    - ESFramework/Additions
    - ESFramework/App
    - ESFramework/Core
  - ESFramework/UIKit (2.3.0):
    - ESFramework/UIKit/Animation (= 2.3.0)
    - ESFramework/UIKit/Controller (= 2.3.0)
    - ESFramework/UIKit/RefreshControl (= 2.3.0)
    - ESFramework/UIKit/View (= 2.3.0)
  - ESFramework/UIKit/Animation (2.3.0)
  - ESFramework/UIKit/Controller (2.3.0):
    - ESFramework/App
    - ESFramework/UIKit/RefreshControl
    - ESFramework/UIKit/View
  - ESFramework/UIKit/RefreshControl (2.3.0):
    - ESFramework/UIKit/View
  - ESFramework/UIKit/View (2.3.0):
    - ESFramework/Additions
    - ESFramework/Core
  - UICKeyChainStore (2.1.0)

DEPENDENCIES:
  - AppComponents (from `../AppComponents.podspec`)

EXTERNAL SOURCES:
  AppComponents:
    :path: "../AppComponents.podspec"

SPEC CHECKSUMS:
  AppComponents: c7fcb6a46781ade4772e07b24005beccb0234ad8
  ESFramework: 9b8e2153b629e75ddc5c34712a3b21cee10e2f71
  UICKeyChainStore: f1cbd42216a113f0165de1e733e62905b8823432

COCOAPODS: 0.39.0
