PODS:
  - AFNetworking (3.0.4):
    - AFNetworking/NSURLSession (= 3.0.4)
    - AFNetworking/Reachability (= 3.0.4)
    - AFNetworking/Security (= 3.0.4)
    - AFNetworking/Serialization (= 3.0.4)
    - AFNetworking/UIKit (= 3.0.4)
  - AFNetworking/NSURLSession (3.0.4):
    - AFNetworking/Reachability
    - AFNetworking/Security
    - AFNetworking/Serialization
  - AFNetworking/Reachability (3.0.4)
  - AFNetworking/Security (3.0.4)
  - AFNetworking/Serialization (3.0.4)
  - AFNetworking/UIKit (3.0.4):
    - AFNetworking/NSURLSession
  - APIService-TalkingData (2.2.24)
  - APIService-UmengAnalytics (3.6.6)
  - APIService-XGPush (2.4.6.1)
  - AppComponents (1.0.7):
    - AppComponents/App (= 1.0.7)
    - AppComponents/Auth (= 1.0.7)
    - AppComponents/Core (= 1.0.7)
    - AppComponents/Networking (= 1.0.7)
    - AppComponents/UIKit (= 1.0.7)
    - AppComponents/VendorServices (= 1.0.7)
  - AppComponents/App (1.0.7):
    - AppComponents/Core
    - MBProgressHUD
  - AppComponents/Auth (1.0.7):
    - AppComponents/App
    - AppComponents/VendorServices/MobSMS
    - ESFramework/UIKit
    - IconFontsKit/FontAwesome
  - AppComponents/Core (1.0.7):
    - ESFramework/Core
    - UICKeyChainStore
  - AppComponents/Networking (1.0.7):
    - AFNetworking (~> 3.0)
    - AppComponents/App
  - AppComponents/UIKit (1.0.7):
    - AppComponents/App
    - ESFramework/UIKit
    - IconFontsKit/FontAwesome
    - SDWebImage
    - WebViewJavascriptBridge
  - AppComponents/VendorServices (1.0.7):
    - AppComponents/VendorServices/ImageViewController (= 1.0.7)
    - AppComponents/VendorServices/MobSMS (= 1.0.7)
    - AppComponents/VendorServices/TalkingDataAnalytics (= 1.0.7)
    - AppComponents/VendorServices/UmengAnalytics (= 1.0.7)
    - AppComponents/VendorServices/XGPush (= 1.0.7)
  - AppComponents/VendorServices/ImageViewController (1.0.7):
    - AppComponents/App
    - JTSImageViewController
  - AppComponents/VendorServices/MobSMS (1.0.7):
    - ESFramework/Core
    - MOBFoundation_IDFA
    - SMSSDK
  - AppComponents/VendorServices/TalkingDataAnalytics (1.0.7):
    - APIService-TalkingData
    - ESFramework/Core
  - AppComponents/VendorServices/UmengAnalytics (1.0.7):
    - APIService-UmengAnalytics
    - ESFramework/Core
  - AppComponents/VendorServices/XGPush (1.0.7):
    - APIService-XGPush
    - AppComponents/App
  - ESFramework/Core (2.4.7)
  - ESFramework/UIKit (2.4.7):
    - ESFramework/Core
  - IconFontsKit/Core (1.2.0)
  - IconFontsKit/FontAwesome (1.2.0):
    - IconFontsKit/Core
  - JTSImageViewController (1.5.1)
  - MBProgressHUD (0.9.2)
  - MOBFoundation_IDFA (1.5.1)
  - SDWebImage (3.7.5):
    - SDWebImage/Core (= 3.7.5)
  - SDWebImage/Core (3.7.5)
  - SMSSDK (2.0.4)
  - UICKeyChainStore (2.1.0)
  - WebViewJavascriptBridge (5.0.5)

DEPENDENCIES:
  - AppComponents (from `../AppComponents.podspec`)

EXTERNAL SOURCES:
  AppComponents:
    :path: "../AppComponents.podspec"

SPEC CHECKSUMS:
  AFNetworking: a0075feb321559dc78d9d85b55d11caa19eabb93
  APIService-TalkingData: 82f6ca2c19e56d0e1acfc3eb8cc46367ca07f07c
  APIService-UmengAnalytics: 7702860e2b4273017b1c0be38934071af11d0e94
  APIService-XGPush: 00846176c18ed90b92fa5ed2c203cb81cf20bc97
  AppComponents: dc0ddcbe64359c44dd449265056e68392789262b
  ESFramework: 544b54ba2ea96f15c2a6d1c9030f2f32122d60bc
  IconFontsKit: f0588bbacea848f49ee5dfe58c218b6d3ecb2d97
  JTSImageViewController: 1f8ce1cc93dab0d0af8e53badeea7528560cfec9
  MBProgressHUD: 1569cf7ace17a8bac47aabfbb8580a49690386d1
  MOBFoundation_IDFA: f5d3d1f89166f60c6985e34b7d90e6fb5d58fb61
  SDWebImage: 69c6303e3348fba97e03f65d65d4fbc26740f461
  SMSSDK: 642b6a8c55fd382be44487cd5e0b0710681895f9
  UICKeyChainStore: f1cbd42216a113f0165de1e733e62905b8823432
  WebViewJavascriptBridge: a4d502315f1b8d9a51cd6a9174147ed567ec3bc5

COCOAPODS: 0.39.0
